
Microsoft Visual Studio Solution File, Format Version 12.00
# Visual Studio 2012
Project("{FAE04EC0-301F-11D3-BF4B-00C04F79EFBC}") = "Common", "Common\Common.csproj", "{6939C8A2-68A3-4ACC-8A40-CADCFA4BF001}"
EndProject
Project("{FAE04EC0-301F-11D3-BF4B-00C04F79EFBC}") = "WebApi", "WebApi\WebApi.csproj", "{50D6B229-BAD4-4103-996B-88A0CF53B653}"
EndProject
Project("{FAE04EC0-301F-11D3-BF4B-00C04F79EFBC}") = "Client", "Client\Client.csproj", "{B84612F9-96C0-4DDA-BCCA-8C40BB4BED27}"
EndProject
Global
	GlobalSection(SolutionConfigurationPlatforms) = preSolution
		Debug|Any CPU = Debug|Any CPU
		Release|Any CPU = Release|Any CPU
	EndGlobalSection
	GlobalSection(ProjectConfigurationPlatforms) = postSolution
		{6939C8A2-68A3-4ACC-8A40-CADCFA4BF001}.Debug|Any CPU.ActiveCfg = Debug|Any CPU
		{6939C8A2-68A3-4ACC-8A40-CADCFA4BF001}.Debug|Any CPU.Build.0 = Debug|Any CPU
		{6939C8A2-68A3-4ACC-8A40-CADCFA4BF001}.Release|Any CPU.ActiveCfg = Release|Any CPU
		{6939C8A2-68A3-4ACC-8A40-CADCFA4BF001}.Release|Any CPU.Build.0 = Release|Any CPU
		{50D6B229-BAD4-4103-996B-88A0CF53B653}.Debug|Any CPU.ActiveCfg = Debug|Any CPU
		{50D6B229-BAD4-4103-996B-88A0CF53B653}.Debug|Any CPU.Build.0 = Debug|Any CPU
		{50D6B229-BAD4-4103-996B-88A0CF53B653}.Release|Any CPU.ActiveCfg = Release|Any CPU
		{50D6B229-BAD4-4103-996B-88A0CF53B653}.Release|Any CPU.Build.0 = Release|Any CPU
		{B84612F9-96C0-4DDA-BCCA-8C40BB4BED27}.Debug|Any CPU.ActiveCfg = Debug|Any CPU
		{B84612F9-96C0-4DDA-BCCA-8C40BB4BED27}.Debug|Any CPU.Build.0 = Debug|Any CPU
		{B84612F9-96C0-4DDA-BCCA-8C40BB4BED27}.Release|Any CPU.ActiveCfg = Release|Any CPU
		{B84612F9-96C0-4DDA-BCCA-8C40BB4BED27}.Release|Any CPU.Build.0 = Release|Any CPU
	EndGlobalSection
	GlobalSection(SolutionProperties) = preSolution
		HideSolutionNode = FALSE
	EndGlobalSection
EndGlobal
