
Microsoft Visual Studio Solution File, Format Version 12.00
# Visual Studio 2012
Project("{FAE04EC0-301F-11D3-BF4B-00C04F79EFBC}") = "MvcApp", "MvcApp\MvcApp.csproj", "{2CC943F8-34EB-41C6-B406-F7680BEA2FE8}"
EndProject
Project("{FAE04EC0-301F-11D3-BF4B-00C04F79EFBC}") = "Client", "Client\Client.csproj", "{6236913E-D49C-4767-9849-1EC78C64A146}"
EndProject
Global
	GlobalSection(SolutionConfigurationPlatforms) = preSolution
		Debug|Any CPU = Debug|Any CPU
		Release|Any CPU = Release|Any CPU
	EndGlobalSection
	GlobalSection(ProjectConfigurationPlatforms) = postSolution
		{2CC943F8-34EB-41C6-B406-F7680BEA2FE8}.Debug|Any CPU.ActiveCfg = Debug|Any CPU
		{2CC943F8-34EB-41C6-B406-F7680BEA2FE8}.Debug|Any CPU.Build.0 = Debug|Any CPU
		{2CC943F8-34EB-41C6-B406-F7680BEA2FE8}.Release|Any CPU.ActiveCfg = Release|Any CPU
		{2CC943F8-34EB-41C6-B406-F7680BEA2FE8}.Release|Any CPU.Build.0 = Release|Any CPU
		{6236913E-D49C-4767-9849-1EC78C64A146}.Debug|Any CPU.ActiveCfg = Debug|Any CPU
		{6236913E-D49C-4767-9849-1EC78C64A146}.Debug|Any CPU.Build.0 = Debug|Any CPU
		{6236913E-D49C-4767-9849-1EC78C64A146}.Release|Any CPU.ActiveCfg = Release|Any CPU
		{6236913E-D49C-4767-9849-1EC78C64A146}.Release|Any CPU.Build.0 = Release|Any CPU
	EndGlobalSection
	GlobalSection(SolutionProperties) = preSolution
		HideSolutionNode = FALSE
	EndGlobalSection
EndGlobal
